// !$*UTF8*$!
{
	archiveVersion = 1;
	classes = {
	};
	objectVersion = 77;
	objects = {

/* Begin PBXBuildFile section */
		8EAFF5982D8CB39E0006A278 /* CarDataView.swift in Sources */ = {isa = PBXBuildFile; fileRef = 8EAFF5972D8CB39E0006A278 /* CarDataView.swift */; };
		8EAFF59A2D8CC88D0006A278 /* SplitLineView.swift in Sources */ = {isa = PBXBuildFile; fileRef = 8EAFF5992D8CC88D0006A278 /* SplitLineView.swift */; };
		8EB4EEF42D8B5726005DCCE5 /* CarInfoView.swift in Sources */ = {isa = PBXBuildFile; fileRef = 8EB4EEF32D8B5726005DCCE5 /* CarInfoView.swift */; };
		8EB4EEF62D8B6400005DCCE5 /* UIStackView+Ext.swift in Sources */ = {isa = PBXBuildFile; fileRef = 8EB4EEF52D8B6400005DCCE5 /* UIStackView+Ext.swift */; };
		8EB5AC7C2D9F1AA200A317B9 /* ReminderDetailController.swift in Sources */ = {isa = PBXBuildFile; fileRef = 8EB5AC7B2D9F1AA200A317B9 /* ReminderDetailController.swift */; };
		8EB5AC7F2D9F1AD500A317B9 /* ReminderDetailView.swift in Sources */ = {isa = PBXBuildFile; fileRef = 8EB5AC7E2D9F1AD500A317B9 /* ReminderDetailView.swift */; };
		8EB8484A2D933EEA004C0020 /* Reminders.swift in Sources */ = {isa = PBXBuildFile; fileRef = 8EB848492D933EEA004C0020 /* Reminders.swift */; };
		8EB8484C2D9342B3004C0020 /* ReminderCell.swift in Sources */ = {isa = PBXBuildFile; fileRef = 8EB8484B2D9342B3004C0020 /* ReminderCell.swift */; };
		8EB985032D9C70E800156CC2 /* AddReminderController.swift in Sources */ = {isa = PBXBuildFile; fileRef = 8EB985022D9C70E800156CC2 /* AddReminderController.swift */; };
		8EB985062D9C711B00156CC2 /* AddReminderView.swift in Sources */ = {isa = PBXBuildFile; fileRef = 8EB985052D9C711B00156CC2 /* AddReminderView.swift */; };
		8EB9B93A2DC4E58100025923 /* Servicing.swift in Sources */ = {isa = PBXBuildFile; fileRef = 8EB9B9392DC4E58100025923 /* Servicing.swift */; };
		8EB9B93C2DC4E90800025923 /* ServicingController.swift in Sources */ = {isa = PBXBuildFile; fileRef = 8EB9B93B2DC4E90800025923 /* ServicingController.swift */; };
		8EB9B93F2DC4E94700025923 /* ServicingView.swift in Sources */ = {isa = PBXBuildFile; fileRef = 8EB9B93E2DC4E94700025923 /* ServicingView.swift */; };
		8EB9B9412DC4EC6700025923 /* ServiceCell.swift in Sources */ = {isa = PBXBuildFile; fileRef = 8EB9B9402DC4EC6700025923 /* ServiceCell.swift */; };
		8EB9B9432DC51ECD00025923 /* ServicingDetailController.swift in Sources */ = {isa = PBXBuildFile; fileRef = 8EB9B9422DC51ECD00025923 /* ServicingDetailController.swift */; };
		8EB9B9462DC51EFF00025923 /* ServicingDetailView.swift in Sources */ = {isa = PBXBuildFile; fileRef = 8EB9B9452DC51EFF00025923 /* ServicingDetailView.swift */; };
		8EBC0C602D88B6DF003243F2 /* ImgCell.swift in Sources */ = {isa = PBXBuildFile; fileRef = 8EBC0C5F2D88B6DF003243F2 /* ImgCell.swift */; };
		8EC367592DBFFE01001AB989 /* UIButton+Ext.swift in Sources */ = {isa = PBXBuildFile; fileRef = 8EC367582DBFFE01001AB989 /* UIButton+Ext.swift */; };
		8EEFB4402D836E8A00B590E9 /* AppDelegate.swift in Sources */ = {isa = PBXBuildFile; fileRef = 8EEFB4382D836E8A00B590E9 /* AppDelegate.swift */; };
		8EEFB4412D836E8A00B590E9 /* SceneDelegate.swift in Sources */ = {isa = PBXBuildFile; fileRef = 8EEFB43D2D836E8A00B590E9 /* SceneDelegate.swift */; };
		8EEFB4422D836E8A00B590E9 /* CarsCatalogController.swift in Sources */ = {isa = PBXBuildFile; fileRef = 8EEFB43E2D836E8A00B590E9 /* CarsCatalogController.swift */; };
		8EEFB4432D836E8A00B590E9 /* Assets.xcassets in Resources */ = {isa = PBXBuildFile; fileRef = 8EEFB4392D836E8A00B590E9 /* Assets.xcassets */; };
		8EEFB4452D836E8A00B590E9 /* LaunchScreen.storyboard in Resources */ = {isa = PBXBuildFile; fileRef = 8EEFB43C2D836E8A00B590E9 /* LaunchScreen.storyboard */; };
		8EEFB4492D836FEF00B590E9 /* CarsCatalogView.swift in Sources */ = {isa = PBXBuildFile; fileRef = 8EEFB4482D836FEF00B590E9 /* CarsCatalogView.swift */; };
		8EEFB44B2D83733200B590E9 /* Cars.swift in Sources */ = {isa = PBXBuildFile; fileRef = 8EEFB44A2D83733200B590E9 /* Cars.swift */; };
		8EEFB44E2D83772600B590E9 /* MainTabBarController.swift in Sources */ = {isa = PBXBuildFile; fileRef = 8EEFB44D2D83772600B590E9 /* MainTabBarController.swift */; };
		8EEFB4512D8379D900B590E9 /* CarCell.swift in Sources */ = {isa = PBXBuildFile; fileRef = 8EEFB4502D8379D900B590E9 /* CarCell.swift */; };
		8EEFB4532D837AD000B590E9 /* UILabel+Ext.swift in Sources */ = {isa = PBXBuildFile; fileRef = 8EEFB4522D837AD000B590E9 /* UILabel+Ext.swift */; };
		8EEFB4562D837B7700B590E9 /* UIImageView+Ext.swift in Sources */ = {isa = PBXBuildFile; fileRef = 8EEFB4552D837B7700B590E9 /* UIImageView+Ext.swift */; };
		8EEFB4582D837BAC00B590E9 /* UITextField+Ext.swift in Sources */ = {isa = PBXBuildFile; fileRef = 8EEFB4572D837BAC00B590E9 /* UITextField+Ext.swift */; };
		8EEFB49A2D876AE700B590E9 /* UIViewController+Ext.swift in Sources */ = {isa = PBXBuildFile; fileRef = 8EEFB4992D876AE700B590E9 /* UIViewController+Ext.swift */; };
		8EEFB49C2D876BEF00B590E9 /* CarsDetailController.swift in Sources */ = {isa = PBXBuildFile; fileRef = 8EEFB49B2D876BEF00B590E9 /* CarsDetailController.swift */; };
		8EEFB49F2D876C3F00B590E9 /* CarsDetailView.swift in Sources */ = {isa = PBXBuildFile; fileRef = 8EEFB49E2D876C3F00B590E9 /* CarsDetailView.swift */; };
/* End PBXBuildFile section */

/* Begin PBXFileReference section */
		8EAFF5972D8CB39E0006A278 /* CarDataView.swift */ = {isa = PBXFileReference; lastKnownFileType = sourcecode.swift; path = CarDataView.swift; sourceTree = "<group>"; };
		8EAFF5992D8CC88D0006A278 /* SplitLineView.swift */ = {isa = PBXFileReference; lastKnownFileType = sourcecode.swift; path = SplitLineView.swift; sourceTree = "<group>"; };
		8EB4EEF32D8B5726005DCCE5 /* CarInfoView.swift */ = {isa = PBXFileReference; lastKnownFileType = sourcecode.swift; path = CarInfoView.swift; sourceTree = "<group>"; };
		8EB4EEF52D8B6400005DCCE5 /* UIStackView+Ext.swift */ = {isa = PBXFileReference; lastKnownFileType = sourcecode.swift; path = "UIStackView+Ext.swift"; sourceTree = "<group>"; };
		8EB5AC7B2D9F1AA200A317B9 /* ReminderDetailController.swift */ = {isa = PBXFileReference; lastKnownFileType = sourcecode.swift; path = ReminderDetailController.swift; sourceTree = "<group>"; };
		8EB5AC7E2D9F1AD500A317B9 /* ReminderDetailView.swift */ = {isa = PBXFileReference; lastKnownFileType = sourcecode.swift; path = ReminderDetailView.swift; sourceTree = "<group>"; };
		8EB848492D933EEA004C0020 /* Reminders.swift */ = {isa = PBXFileReference; lastKnownFileType = sourcecode.swift; path = Reminders.swift; sourceTree = "<group>"; };
		8EB8484B2D9342B3004C0020 /* ReminderCell.swift */ = {isa = PBXFileReference; lastKnownFileType = sourcecode.swift; path = ReminderCell.swift; sourceTree = "<group>"; };
		8EB985022D9C70E800156CC2 /* AddReminderController.swift */ = {isa = PBXFileReference; lastKnownFileType = sourcecode.swift; path = AddReminderController.swift; sourceTree = "<group>"; };
		8EB985052D9C711B00156CC2 /* AddReminderView.swift */ = {isa = PBXFileReference; lastKnownFileType = sourcecode.swift; path = AddReminderView.swift; sourceTree = "<group>"; };
		8EB9B9392DC4E58100025923 /* Servicing.swift */ = {isa = PBXFileReference; lastKnownFileType = sourcecode.swift; path = Servicing.swift; sourceTree = "<group>"; };
		8EB9B93B2DC4E90800025923 /* ServicingController.swift */ = {isa = PBXFileReference; lastKnownFileType = sourcecode.swift; path = ServicingController.swift; sourceTree = "<group>"; };
		8EB9B93E2DC4E94700025923 /* ServicingView.swift */ = {isa = PBXFileReference; lastKnownFileType = sourcecode.swift; path = ServicingView.swift; sourceTree = "<group>"; };
		8EB9B9402DC4EC6700025923 /* ServiceCell.swift */ = {isa = PBXFileReference; lastKnownFileType = sourcecode.swift; path = ServiceCell.swift; sourceTree = "<group>"; };
		8EB9B9422DC51ECD00025923 /* ServicingDetailController.swift */ = {isa = PBXFileReference; lastKnownFileType = sourcecode.swift; path = ServicingDetailController.swift; sourceTree = "<group>"; };
		8EB9B9452DC51EFF00025923 /* ServicingDetailView.swift */ = {isa = PBXFileReference; lastKnownFileType = sourcecode.swift; path = ServicingDetailView.swift; sourceTree = "<group>"; };
		8EBC0C5F2D88B6DF003243F2 /* ImgCell.swift */ = {isa = PBXFileReference; lastKnownFileType = sourcecode.swift; path = ImgCell.swift; sourceTree = "<group>"; };
		8EC367582DBFFE01001AB989 /* UIButton+Ext.swift */ = {isa = PBXFileReference; lastKnownFileType = sourcecode.swift; path = "UIButton+Ext.swift"; sourceTree = "<group>"; };
		8EEFB3E92D836C5800B590E9 /* Car-Service.app */ = {isa = PBXFileReference; explicitFileType = wrapper.application; includeInIndex = 0; path = "Car-Service.app"; sourceTree = BUILT_PRODUCTS_DIR; };
		8EEFB4382D836E8A00B590E9 /* AppDelegate.swift */ = {isa = PBXFileReference; lastKnownFileType = sourcecode.swift; path = AppDelegate.swift; sourceTree = "<group>"; };
		8EEFB4392D836E8A00B590E9 /* Assets.xcassets */ = {isa = PBXFileReference; lastKnownFileType = folder.assetcatalog; path = Assets.xcassets; sourceTree = "<group>"; };
		8EEFB43A2D836E8A00B590E9 /* Info.plist */ = {isa = PBXFileReference; lastKnownFileType = text.plist.xml; path = Info.plist; sourceTree = "<group>"; };
		8EEFB43B2D836E8A00B590E9 /* Base */ = {isa = PBXFileReference; lastKnownFileType = file.storyboard; name = Base; path = Base.lproj/LaunchScreen.storyboard; sourceTree = "<group>"; };
		8EEFB43D2D836E8A00B590E9 /* SceneDelegate.swift */ = {isa = PBXFileReference; lastKnownFileType = sourcecode.swift; path = SceneDelegate.swift; sourceTree = "<group>"; };
		8EEFB43E2D836E8A00B590E9 /* CarsCatalogController.swift */ = {isa = PBXFileReference; lastKnownFileType = sourcecode.swift; path = CarsCatalogController.swift; sourceTree = "<group>"; };
		8EEFB4482D836FEF00B590E9 /* CarsCatalogView.swift */ = {isa = PBXFileReference; lastKnownFileType = sourcecode.swift; path = CarsCatalogView.swift; sourceTree = "<group>"; };
		8EEFB44A2D83733200B590E9 /* Cars.swift */ = {isa = PBXFileReference; lastKnownFileType = sourcecode.swift; path = Cars.swift; sourceTree = "<group>"; };
		8EEFB44D2D83772600B590E9 /* MainTabBarController.swift */ = {isa = PBXFileReference; lastKnownFileType = sourcecode.swift; path = MainTabBarController.swift; sourceTree = "<group>"; };
		8EEFB4502D8379D900B590E9 /* CarCell.swift */ = {isa = PBXFileReference; lastKnownFileType = sourcecode.swift; path = CarCell.swift; sourceTree = "<group>"; };
		8EEFB4522D837AD000B590E9 /* UILabel+Ext.swift */ = {isa = PBXFileReference; lastKnownFileType = sourcecode.swift; path = "UILabel+Ext.swift"; sourceTree = "<group>"; };
		8EEFB4552D837B7700B590E9 /* UIImageView+Ext.swift */ = {isa = PBXFileReference; lastKnownFileType = sourcecode.swift; path = "UIImageView+Ext.swift"; sourceTree = "<group>"; };
		8EEFB4572D837BAC00B590E9 /* UITextField+Ext.swift */ = {isa = PBXFileReference; lastKnownFileType = sourcecode.swift; path = "UITextField+Ext.swift"; sourceTree = "<group>"; };
		8EEFB4992D876AE700B590E9 /* UIViewController+Ext.swift */ = {isa = PBXFileReference; lastKnownFileType = sourcecode.swift; path = "UIViewController+Ext.swift"; sourceTree = "<group>"; };
		8EEFB49B2D876BEF00B590E9 /* CarsDetailController.swift */ = {isa = PBXFileReference; lastKnownFileType = sourcecode.swift; path = CarsDetailController.swift; sourceTree = "<group>"; };
		8EEFB49E2D876C3F00B590E9 /* CarsDetailView.swift */ = {isa = PBXFileReference; lastKnownFileType = sourcecode.swift; path = CarsDetailView.swift; sourceTree = "<group>"; };
/* End PBXFileReference section */

/* Begin PBXFrameworksBuildPhase section */
		8EEFB3E62D836C5800B590E9 /* Frameworks */ = {
			isa = PBXFrameworksBuildPhase;
			buildActionMask = 2147483647;
			files = (
			);
			runOnlyForDeploymentPostprocessing = 0;
		};
/* End PBXFrameworksBuildPhase section */

/* Begin PBXGroup section */
		8EB4EEF12D8B568A005DCCE5 /* Views */ = {
			isa = PBXGroup;
			children = (
				8EEFB49E2D876C3F00B590E9 /* CarsDetailView.swift */,
				8EB4EEF32D8B5726005DCCE5 /* CarInfoView.swift */,
				8EAFF5972D8CB39E0006A278 /* CarDataView.swift */,
				8EAFF5992D8CC88D0006A278 /* SplitLineView.swift */,
			);
			path = Views;
			sourceTree = "<group>";
		};
		8EB4EEF22D8B569A005DCCE5 /* Cells */ = {
			isa = PBXGroup;
			children = (
				8EBC0C5F2D88B6DF003243F2 /* ImgCell.swift */,
				8EB8484B2D9342B3004C0020 /* ReminderCell.swift */,
			);
			path = Cells;
			sourceTree = "<group>";
		};
		8EB5AC7D2D9F1AB100A317B9 /* ReminderDetailController */ = {
			isa = PBXGroup;
			children = (
				8EB5AC7B2D9F1AA200A317B9 /* ReminderDetailController.swift */,
				8EB5AC7E2D9F1AD500A317B9 /* ReminderDetailView.swift */,
			);
			path = ReminderDetailController;
			sourceTree = "<group>";
		};
		8EB985042D9C70F100156CC2 /* AddReminderController */ = {
			isa = PBXGroup;
			children = (
				8EB985022D9C70E800156CC2 /* AddReminderController.swift */,
				8EB985052D9C711B00156CC2 /* AddReminderView.swift */,
			);
			path = AddReminderController;
			sourceTree = "<group>";
		};
		8EB9B93D2DC4E91300025923 /* ServicingController */ = {
			isa = PBXGroup;
			children = (
				8EB9B93B2DC4E90800025923 /* ServicingController.swift */,
				8EB9B93E2DC4E94700025923 /* ServicingView.swift */,
				8EB9B9402DC4EC6700025923 /* ServiceCell.swift */,
			);
			path = ServicingController;
			sourceTree = "<group>";
		};
		8EB9B9442DC51ED600025923 /* ServicingDetailController */ = {
			isa = PBXGroup;
			children = (
				8EB9B9422DC51ECD00025923 /* ServicingDetailController.swift */,
				8EB9B9452DC51EFF00025923 /* ServicingDetailView.swift */,
			);
			path = ServicingDetailController;
			sourceTree = "<group>";
		};
		8EEFB3E02D836C5800B590E9 = {
			isa = PBXGroup;
			children = (
				8EEFB43F2D836E8A00B590E9 /* Car-Service */,
				8EEFB3EA2D836C5800B590E9 /* Products */,
			);
			sourceTree = "<group>";
		};
		8EEFB3EA2D836C5800B590E9 /* Products */ = {
			isa = PBXGroup;
			children = (
				8EEFB3E92D836C5800B590E9 /* Car-Service.app */,
			);
			name = Products;
			sourceTree = "<group>";
		};
		8EEFB43F2D836E8A00B590E9 /* Car-Service */ = {
			isa = PBXGroup;
			children = (
				8EEFB44F2D8377F600B590E9 /* MainTabBarController */,
				8EEFB44C2D83734900B590E9 /* Models */,
				8EEFB4462D836E9200B590E9 /* Application */,
				8EEFB4472D836EE500B590E9 /* CarsCatalogController */,
				8EEFB4542D837ADB00B590E9 /* Extensions */,
				8EEFB49D2D876BFD00B590E9 /* CarsDetailController */,
				8EB985042D9C70F100156CC2 /* AddReminderController */,
				8EB5AC7D2D9F1AB100A317B9 /* ReminderDetailController */,
				8EB9B93D2DC4E91300025923 /* ServicingController */,
				8EB9B9442DC51ED600025923 /* ServicingDetailController */,
				8EEFB43C2D836E8A00B590E9 /* LaunchScreen.storyboard */,
				8EEFB4392D836E8A00B590E9 /* Assets.xcassets */,
				8EEFB43A2D836E8A00B590E9 /* Info.plist */,
			);
			path = "Car-Service";
			sourceTree = "<group>";
		};
		8EEFB4462D836E9200B590E9 /* Application */ = {
			isa = PBXGroup;
			children = (
				8EEFB4382D836E8A00B590E9 /* AppDelegate.swift */,
				8EEFB43D2D836E8A00B590E9 /* SceneDelegate.swift */,
			);
			path = Application;
			sourceTree = "<group>";
		};
		8EEFB4472D836EE500B590E9 /* CarsCatalogController */ = {
			isa = PBXGroup;
			children = (
				8EEFB43E2D836E8A00B590E9 /* CarsCatalogController.swift */,
				8EEFB4482D836FEF00B590E9 /* CarsCatalogView.swift */,
				8EEFB4502D8379D900B590E9 /* CarCell.swift */,
			);
			path = CarsCatalogController;
			sourceTree = "<group>";
		};
		8EEFB44C2D83734900B590E9 /* Models */ = {
			isa = PBXGroup;
			children = (
				8EEFB44A2D83733200B590E9 /* Cars.swift */,
				8EB848492D933EEA004C0020 /* Reminders.swift */,
				8EB9B9392DC4E58100025923 /* Servicing.swift */,
			);
			path = Models;
			sourceTree = "<group>";
		};
		8EEFB44F2D8377F600B590E9 /* MainTabBarController */ = {
			isa = PBXGroup;
			children = (
				8EEFB44D2D83772600B590E9 /* MainTabBarController.swift */,
			);
			path = MainTabBarController;
			sourceTree = "<group>";
		};
		8EEFB4542D837ADB00B590E9 /* Extensions */ = {
			isa = PBXGroup;
			children = (
				8EEFB4522D837AD000B590E9 /* UILabel+Ext.swift */,
				8EEFB4552D837B7700B590E9 /* UIImageView+Ext.swift */,
				8EEFB4572D837BAC00B590E9 /* UITextField+Ext.swift */,
				8EEFB4992D876AE700B590E9 /* UIViewController+Ext.swift */,
				8EB4EEF52D8B6400005DCCE5 /* UIStackView+Ext.swift */,
				8EC367582DBFFE01001AB989 /* UIButton+Ext.swift */,
			);
			path = Extensions;
			sourceTree = "<group>";
		};
		8EEFB49D2D876BFD00B590E9 /* CarsDetailController */ = {
			isa = PBXGroup;
			children = (
				8EB4EEF22D8B569A005DCCE5 /* Cells */,
				8EB4EEF12D8B568A005DCCE5 /* Views */,
				8EEFB49B2D876BEF00B590E9 /* CarsDetailController.swift */,
			);
			path = CarsDetailController;
			sourceTree = "<group>";
		};
/* End PBXGroup section */

/* Begin PBXNativeTarget section */
		8EEFB3E82D836C5800B590E9 /* Car-Service */ = {
			isa = PBXNativeTarget;
			buildConfigurationList = 8EEFB3FC2D836C5B00B590E9 /* Build configuration list for PBXNativeTarget "Car-Service" */;
			buildPhases = (
				8EEFB3E52D836C5800B590E9 /* Sources */,
				8EEFB3E62D836C5800B590E9 /* Frameworks */,
				8EEFB3E72D836C5800B590E9 /* Resources */,
			);
			buildRules = (
			);
			dependencies = (
			);
			name = "Car-Service";
			packageProductDependencies = (
			);
			productName = "Car-Service";
			productReference = 8EEFB3E92D836C5800B590E9 /* Car-Service.app */;
			productType = "com.apple.product-type.application";
		};
/* End PBXNativeTarget section */

/* Begin PBXProject section */
		8EEFB3E12D836C5800B590E9 /* Project object */ = {
			isa = PBXProject;
			attributes = {
				BuildIndependentTargetsInParallel = 1;
				LastSwiftUpdateCheck = 1620;
				LastUpgradeCheck = 1620;
				TargetAttributes = {
					8EEFB3E82D836C5800B590E9 = {
						CreatedOnToolsVersion = 16.2;
					};
				};
			};
			buildConfigurationList = 8EEFB3E42D836C5800B590E9 /* Build configuration list for PBXProject "Car-Service" */;
			developmentRegion = en;
			hasScannedForEncodings = 0;
			knownRegions = (
				en,
				Base,
			);
			mainGroup = 8EEFB3E02D836C5800B590E9;
			minimizedProjectReferenceProxies = 1;
			preferredProjectObjectVersion = 77;
			productRefGroup = 8EEFB3EA2D836C5800B590E9 /* Products */;
			projectDirPath = "";
			projectRoot = "";
			targets = (
				8EEFB3E82D836C5800B590E9 /* Car-Service */,
			);
		};
/* End PBXProject section */

/* Begin PBXResourcesBuildPhase section */
		8EEFB3E72D836C5800B590E9 /* Resources */ = {
			isa = PBXResourcesBuildPhase;
			buildActionMask = 2147483647;
			files = (
				8EEFB4432D836E8A00B590E9 /* Assets.xcassets in Resources */,
				8EEFB4452D836E8A00B590E9 /* LaunchScreen.storyboard in Resources */,
			);
			runOnlyForDeploymentPostprocessing = 0;
		};
/* End PBXResourcesBuildPhase section */

/* Begin PBXSourcesBuildPhase section */
		8EEFB3E52D836C5800B590E9 /* Sources */ = {
			isa = PBXSourcesBuildPhase;
			buildActionMask = 2147483647;
			files = (
				8EB985032D9C70E800156CC2 /* AddReminderController.swift in Sources */,
				8EB8484A2D933EEA004C0020 /* Reminders.swift in Sources */,
				8EEFB4402D836E8A00B590E9 /* AppDelegate.swift in Sources */,
				8EEFB4582D837BAC00B590E9 /* UITextField+Ext.swift in Sources */,
				8EB9B93A2DC4E58100025923 /* Servicing.swift in Sources */,
				8EEFB4412D836E8A00B590E9 /* SceneDelegate.swift in Sources */,
				8EC367592DBFFE01001AB989 /* UIButton+Ext.swift in Sources */,
				8EB9B9462DC51EFF00025923 /* ServicingDetailView.swift in Sources */,
				8EEFB49A2D876AE700B590E9 /* UIViewController+Ext.swift in Sources */,
				8EEFB44E2D83772600B590E9 /* MainTabBarController.swift in Sources */,
				8EBC0C602D88B6DF003243F2 /* ImgCell.swift in Sources */,
				8EB4EEF42D8B5726005DCCE5 /* CarInfoView.swift in Sources */,
				8EB9B93F2DC4E94700025923 /* ServicingView.swift in Sources */,
				8EAFF59A2D8CC88D0006A278 /* SplitLineView.swift in Sources */,
				8EEFB49F2D876C3F00B590E9 /* CarsDetailView.swift in Sources */,
				8EB9B93C2DC4E90800025923 /* ServicingController.swift in Sources */,
				8EAFF5982D8CB39E0006A278 /* CarDataView.swift in Sources */,
				8EB5AC7C2D9F1AA200A317B9 /* ReminderDetailController.swift in Sources */,
				8EEFB4562D837B7700B590E9 /* UIImageView+Ext.swift in Sources */,
				8EEFB44B2D83733200B590E9 /* Cars.swift in Sources */,
				8EB5AC7F2D9F1AD500A317B9 /* ReminderDetailView.swift in Sources */,
				8EEFB4422D836E8A00B590E9 /* CarsCatalogController.swift in Sources */,
				8EB9B9432DC51ECD00025923 /* ServicingDetailController.swift in Sources */,
				8EB9B9412DC4EC6700025923 /* ServiceCell.swift in Sources */,
				8EB4EEF62D8B6400005DCCE5 /* UIStackView+Ext.swift in Sources */,
				8EB8484C2D9342B3004C0020 /* ReminderCell.swift in Sources */,
				8EEFB4512D8379D900B590E9 /* CarCell.swift in Sources */,
				8EB985062D9C711B00156CC2 /* AddReminderView.swift in Sources */,
				8EEFB49C2D876BEF00B590E9 /* CarsDetailController.swift in Sources */,
				8EEFB4532D837AD000B590E9 /* UILabel+Ext.swift in Sources */,
				8EEFB4492D836FEF00B590E9 /* CarsCatalogView.swift in Sources */,
			);
			runOnlyForDeploymentPostprocessing = 0;
		};
/* End PBXSourcesBuildPhase section */

/* Begin PBXVariantGroup section */
		8EEFB43C2D836E8A00B590E9 /* LaunchScreen.storyboard */ = {
			isa = PBXVariantGroup;
			children = (
				8EEFB43B2D836E8A00B590E9 /* Base */,
			);
			name = LaunchScreen.storyboard;
			sourceTree = "<group>";
		};
/* End PBXVariantGroup section */

/* Begin XCBuildConfiguration section */
		8EEFB3FD2D836C5B00B590E9 /* Debug */ = {
			isa = XCBuildConfiguration;
			buildSettings = {
				ASSETCATALOG_COMPILER_APPICON_NAME = AppIcon;
				ASSETCATALOG_COMPILER_GLOBAL_ACCENT_COLOR_NAME = AccentColor;
				CODE_SIGN_STYLE = Automatic;
				CURRENT_PROJECT_VERSION = 1;
				GENERATE_INFOPLIST_FILE = YES;
				INFOPLIST_FILE = "Car-Service/Info.plist";
				INFOPLIST_KEY_UIApplicationSupportsIndirectInputEvents = YES;
				INFOPLIST_KEY_UILaunchStoryboardName = LaunchScreen;
				INFOPLIST_KEY_UISupportedInterfaceOrientations = UIInterfaceOrientationPortrait;
				INFOPLIST_KEY_UISupportedInterfaceOrientations_iPad = "UIInterfaceOrientationLandscapeLeft UIInterfaceOrientationLandscapeRight UIInterfaceOrientationPortrait UIInterfaceOrientationPortraitUpsideDown";
				IPHONEOS_DEPLOYMENT_TARGET = 17.6;
				LD_RUNPATH_SEARCH_PATHS = (
					"$(inherited)",
					"@executable_path/Frameworks",
				);
				MARKETING_VERSION = 1.0;
				PRODUCT_BUNDLE_IDENTIFIER = "com.veremm.taras.Car-Service";
				PRODUCT_NAME = "$(TARGET_NAME)";
				SUPPORTED_PLATFORMS = "iphoneos iphonesimulator";
				SUPPORTS_MACCATALYST = NO;
				SUPPORTS_MAC_DESIGNED_FOR_IPHONE_IPAD = NO;
				SUPPORTS_XR_DESIGNED_FOR_IPHONE_IPAD = NO;
				SWIFT_EMIT_LOC_STRINGS = YES;
				SWIFT_VERSION = 5.0;
				TARGETED_DEVICE_FAMILY = 1;
			};
			name = Debug;
		};
		8EEFB3FE2D836C5B00B590E9 /* Release */ = {
			isa = XCBuildConfiguration;
			buildSettings = {
				ASSETCATALOG_COMPILER_APPICON_NAME = AppIcon;
				ASSETCATALOG_COMPILER_GLOBAL_ACCENT_COLOR_NAME = AccentColor;
				CODE_SIGN_STYLE = Automatic;
				CURRENT_PROJECT_VERSION = 1;
				GENERATE_INFOPLIST_FILE = YES;
				INFOPLIST_FILE = "Car-Service/Info.plist";
				INFOPLIST_KEY_UIApplicationSupportsIndirectInputEvents = YES;
				INFOPLIST_KEY_UILaunchStoryboardName = LaunchScreen;
				INFOPLIST_KEY_UISupportedInterfaceOrientations = UIInterfaceOrientationPortrait;
				INFOPLIST_KEY_UISupportedInterfaceOrientations_iPad = "UIInterfaceOrientationLandscapeLeft UIInterfaceOrientationLandscapeRight UIInterfaceOrientationPortrait UIInterfaceOrientationPortraitUpsideDown";
				IPHONEOS_DEPLOYMENT_TARGET = 17.6;
				LD_RUNPATH_SEARCH_PATHS = (
					"$(inherited)",
					"@executable_path/Frameworks",
				);
				MARKETING_VERSION = 1.0;
				PRODUCT_BUNDLE_IDENTIFIER = "com.veremm.taras.Car-Service";
				PRODUCT_NAME = "$(TARGET_NAME)";
				SUPPORTED_PLATFORMS = "iphoneos iphonesimulator";
				SUPPORTS_MACCATALYST = NO;
				SUPPORTS_MAC_DESIGNED_FOR_IPHONE_IPAD = NO;
				SUPPORTS_XR_DESIGNED_FOR_IPHONE_IPAD = NO;
				SWIFT_EMIT_LOC_STRINGS = YES;
				SWIFT_VERSION = 5.0;
				TARGETED_DEVICE_FAMILY = 1;
			};
			name = Release;
		};
		8EEFB3FF2D836C5B00B590E9 /* Debug */ = {
			isa = XCBuildConfiguration;
			buildSettings = {
				ALWAYS_SEARCH_USER_PATHS = NO;
				ASSETCATALOG_COMPILER_GENERATE_SWIFT_ASSET_SYMBOL_EXTENSIONS = YES;
				CLANG_ANALYZER_NONNULL = YES;
				CLANG_ANALYZER_NUMBER_OBJECT_CONVERSION = YES_AGGRESSIVE;
				CLANG_CXX_LANGUAGE_STANDARD = "gnu++20";
				CLANG_ENABLE_MODULES = YES;
				CLANG_ENABLE_OBJC_ARC = YES;
				CLANG_ENABLE_OBJC_WEAK = YES;
				CLANG_WARN_BLOCK_CAPTURE_AUTORELEASING = YES;
				CLANG_WARN_BOOL_CONVERSION = YES;
				CLANG_WARN_COMMA = YES;
				CLANG_WARN_CONSTANT_CONVERSION = YES;
				CLANG_WARN_DEPRECATED_OBJC_IMPLEMENTATIONS = YES;
				CLANG_WARN_DIRECT_OBJC_ISA_USAGE = YES_ERROR;
				CLANG_WARN_DOCUMENTATION_COMMENTS = YES;
				CLANG_WARN_EMPTY_BODY = YES;
				CLANG_WARN_ENUM_CONVERSION = YES;
				CLANG_WARN_INFINITE_RECURSION = YES;
				CLANG_WARN_INT_CONVERSION = YES;
				CLANG_WARN_NON_LITERAL_NULL_CONVERSION = YES;
				CLANG_WARN_OBJC_IMPLICIT_RETAIN_SELF = YES;
				CLANG_WARN_OBJC_LITERAL_CONVERSION = YES;
				CLANG_WARN_OBJC_ROOT_CLASS = YES_ERROR;
				CLANG_WARN_QUOTED_INCLUDE_IN_FRAMEWORK_HEADER = YES;
				CLANG_WARN_RANGE_LOOP_ANALYSIS = YES;
				CLANG_WARN_STRICT_PROTOTYPES = YES;
				CLANG_WARN_SUSPICIOUS_MOVE = YES;
				CLANG_WARN_UNGUARDED_AVAILABILITY = YES_AGGRESSIVE;
				CLANG_WARN_UNREACHABLE_CODE = YES;
				CLANG_WARN__DUPLICATE_METHOD_MATCH = YES;
				COPY_PHASE_STRIP = NO;
				DEBUG_INFORMATION_FORMAT = dwarf;
				ENABLE_STRICT_OBJC_MSGSEND = YES;
				ENABLE_TESTABILITY = YES;
				ENABLE_USER_SCRIPT_SANDBOXING = YES;
				GCC_C_LANGUAGE_STANDARD = gnu17;
				GCC_DYNAMIC_NO_PIC = NO;
				GCC_NO_COMMON_BLOCKS = YES;
				GCC_OPTIMIZATION_LEVEL = 0;
				GCC_PREPROCESSOR_DEFINITIONS = (
					"DEBUG=1",
					"$(inherited)",
				);
				GCC_WARN_64_TO_32_BIT_CONVERSION = YES;
				GCC_WARN_ABOUT_RETURN_TYPE = YES_ERROR;
				GCC_WARN_UNDECLARED_SELECTOR = YES;
				GCC_WARN_UNINITIALIZED_AUTOS = YES_AGGRESSIVE;
				GCC_WARN_UNUSED_FUNCTION = YES;
				GCC_WARN_UNUSED_VARIABLE = YES;
				IPHONEOS_DEPLOYMENT_TARGET = 18.2;
				LOCALIZATION_PREFERS_STRING_CATALOGS = YES;
				MTL_ENABLE_DEBUG_INFO = INCLUDE_SOURCE;
				MTL_FAST_MATH = YES;
				ONLY_ACTIVE_ARCH = YES;
				SDKROOT = iphoneos;
				SWIFT_ACTIVE_COMPILATION_CONDITIONS = "DEBUG $(inherited)";
				SWIFT_OPTIMIZATION_LEVEL = "-Onone";
			};
			name = Debug;
		};
		8EEFB4002D836C5B00B590E9 /* Release */ = {
			isa = XCBuildConfiguration;
			buildSettings = {
				ALWAYS_SEARCH_USER_PATHS = NO;
				ASSETCATALOG_COMPILER_GENERATE_SWIFT_ASSET_SYMBOL_EXTENSIONS = YES;
				CLANG_ANALYZER_NONNULL = YES;
				CLANG_ANALYZER_NUMBER_OBJECT_CONVERSION = YES_AGGRESSIVE;
				CLANG_CXX_LANGUAGE_STANDARD = "gnu++20";
				CLANG_ENABLE_MODULES = YES;
				CLANG_ENABLE_OBJC_ARC = YES;
				CLANG_ENABLE_OBJC_WEAK = YES;
				CLANG_WARN_BLOCK_CAPTURE_AUTORELEASING = YES;
				CLANG_WARN_BOOL_CONVERSION = YES;
				CLANG_WARN_COMMA = YES;
				CLANG_WARN_CONSTANT_CONVERSION = YES;
				CLANG_WARN_DEPRECATED_OBJC_IMPLEMENTATIONS = YES;
				CLANG_WARN_DIRECT_OBJC_ISA_USAGE = YES_ERROR;
				CLANG_WARN_DOCUMENTATION_COMMENTS = YES;
				CLANG_WARN_EMPTY_BODY = YES;
				CLANG_WARN_ENUM_CONVERSION = YES;
				CLANG_WARN_INFINITE_RECURSION = YES;
				CLANG_WARN_INT_CONVERSION = YES;
				CLANG_WARN_NON_LITERAL_NULL_CONVERSION = YES;
				CLANG_WARN_OBJC_IMPLICIT_RETAIN_SELF = YES;
				CLANG_WARN_OBJC_LITERAL_CONVERSION = YES;
				CLANG_WARN_OBJC_ROOT_CLASS = YES_ERROR;
				CLANG_WARN_QUOTED_INCLUDE_IN_FRAMEWORK_HEADER = YES;
				CLANG_WARN_RANGE_LOOP_ANALYSIS = YES;
				CLANG_WARN_STRICT_PROTOTYPES = YES;
				CLANG_WARN_SUSPICIOUS_MOVE = YES;
				CLANG_WARN_UNGUARDED_AVAILABILITY = YES_AGGRESSIVE;
				CLANG_WARN_UNREACHABLE_CODE = YES;
				CLANG_WARN__DUPLICATE_METHOD_MATCH = YES;
				COPY_PHASE_STRIP = NO;
				DEBUG_INFORMATION_FORMAT = "dwarf-with-dsym";
				ENABLE_NS_ASSERTIONS = NO;
				ENABLE_STRICT_OBJC_MSGSEND = YES;
				ENABLE_USER_SCRIPT_SANDBOXING = YES;
				GCC_C_LANGUAGE_STANDARD = gnu17;
				GCC_NO_COMMON_BLOCKS = YES;
				GCC_WARN_64_TO_32_BIT_CONVERSION = YES;
				GCC_WARN_ABOUT_RETURN_TYPE = YES_ERROR;
				GCC_WARN_UNDECLARED_SELECTOR = YES;
				GCC_WARN_UNINITIALIZED_AUTOS = YES_AGGRESSIVE;
				GCC_WARN_UNUSED_FUNCTION = YES;
				GCC_WARN_UNUSED_VARIABLE = YES;
				IPHONEOS_DEPLOYMENT_TARGET = 18.2;
				LOCALIZATION_PREFERS_STRING_CATALOGS = YES;
				MTL_ENABLE_DEBUG_INFO = NO;
				MTL_FAST_MATH = YES;
				SDKROOT = iphoneos;
				SWIFT_COMPILATION_MODE = wholemodule;
				VALIDATE_PRODUCT = YES;
			};
			name = Release;
		};
/* End XCBuildConfiguration section */

/* Begin XCConfigurationList section */
		8EEFB3E42D836C5800B590E9 /* Build configuration list for PBXProject "Car-Service" */ = {
			isa = XCConfigurationList;
			buildConfigurations = (
				8EEFB3FF2D836C5B00B590E9 /* Debug */,
				8EEFB4002D836C5B00B590E9 /* Release */,
			);
			defaultConfigurationIsVisible = 0;
			defaultConfigurationName = Release;
		};
		8EEFB3FC2D836C5B00B590E9 /* Build configuration list for PBXNativeTarget "Car-Service" */ = {
			isa = XCConfigurationList;
			buildConfigurations = (
				8EEFB3FD2D836C5B00B590E9 /* Debug */,
				8EEFB3FE2D836C5B00B590E9 /* Release */,
			);
			defaultConfigurationIsVisible = 0;
			defaultConfigurationName = Release;
		};
/* End XCConfigurationList section */
	};
	rootObject = 8EEFB3E12D836C5800B590E9 /* Project object */;
}
